
Microsoft Visual Studio Solution File, Format Version 12.00
# Visual Studio 15
VisualStudioVersion = 15.0.28307.271
MinimumVisualStudioVersion = 10.0.40219.1
Project("{9A19103F-16F7-4668-BE54-9A1E7A4F7556}") = "AutoMiniProfiler.Playground", "AutoMiniProfiler.Playground\AutoMiniProfiler.Playground.csproj", "{FCE3A802-FA36-44F1-8F87-CD0F56141B55}"
EndProject
Project("{FAE04EC0-301F-11D3-BF4B-00C04F79EFBC}") = "AutoMiniProfiler.Core", "AutoMiniProfiler.Core\AutoMiniProfiler.Core.csproj", "{3025AECF-4DD8-4DD2-98E3-C3A896E34BDE}"
EndProject
Project("{FAE04EC0-301F-11D3-BF4B-00C04F79EFBC}") = "AutoMiniProfiler.Core.Tests", "AutoMiniProfiler.Core.Tests\AutoMiniProfiler.Core.Tests.csproj", "{396AE5F3-3265-4760-BD48-B07C9EB4415B}"
EndProject
Project("{FAE04EC0-301F-11D3-BF4B-00C04F79EFBC}") = "AutoMiniProfiler", "AutoMiniProfiler\AutoMiniProfiler.csproj", "{B0EE7FD9-4179-41B4-9DAD-C0B86133748C}"
EndProject
Global
	GlobalSection(SolutionConfigurationPlatforms) = preSolution
		Debug|Any CPU = Debug|Any CPU
		Release|Any CPU = Release|Any CPU
	EndGlobalSection
	GlobalSection(ProjectConfigurationPlatforms) = postSolution
		{FCE3A802-FA36-44F1-8F87-CD0F56141B55}.Debug|Any CPU.ActiveCfg = Debug|Any CPU
		{FCE3A802-FA36-44F1-8F87-CD0F56141B55}.Debug|Any CPU.Build.0 = Debug|Any CPU
		{FCE3A802-FA36-44F1-8F87-CD0F56141B55}.Release|Any CPU.ActiveCfg = Release|Any CPU
		{FCE3A802-FA36-44F1-8F87-CD0F56141B55}.Release|Any CPU.Build.0 = Release|Any CPU
		{3025AECF-4DD8-4DD2-98E3-C3A896E34BDE}.Debug|Any CPU.ActiveCfg = Debug|Any CPU
		{3025AECF-4DD8-4DD2-98E3-C3A896E34BDE}.Debug|Any CPU.Build.0 = Debug|Any CPU
		{3025AECF-4DD8-4DD2-98E3-C3A896E34BDE}.Release|Any CPU.ActiveCfg = Release|Any CPU
		{3025AECF-4DD8-4DD2-98E3-C3A896E34BDE}.Release|Any CPU.Build.0 = Release|Any CPU
		{396AE5F3-3265-4760-BD48-B07C9EB4415B}.Debug|Any CPU.ActiveCfg = Debug|Any CPU
		{396AE5F3-3265-4760-BD48-B07C9EB4415B}.Debug|Any CPU.Build.0 = Debug|Any CPU
		{396AE5F3-3265-4760-BD48-B07C9EB4415B}.Release|Any CPU.ActiveCfg = Release|Any CPU
		{396AE5F3-3265-4760-BD48-B07C9EB4415B}.Release|Any CPU.Build.0 = Release|Any CPU
		{B0EE7FD9-4179-41B4-9DAD-C0B86133748C}.Debug|Any CPU.ActiveCfg = Debug|Any CPU
		{B0EE7FD9-4179-41B4-9DAD-C0B86133748C}.Debug|Any CPU.Build.0 = Debug|Any CPU
		{B0EE7FD9-4179-41B4-9DAD-C0B86133748C}.Release|Any CPU.ActiveCfg = Release|Any CPU
		{B0EE7FD9-4179-41B4-9DAD-C0B86133748C}.Release|Any CPU.Build.0 = Release|Any CPU
	EndGlobalSection
	GlobalSection(SolutionProperties) = preSolution
		HideSolutionNode = FALSE
	EndGlobalSection
	GlobalSection(ExtensibilityGlobals) = postSolution
		SolutionGuid = {3788E012-B174-479F-986C-AB3E794FA801}
	EndGlobalSection
EndGlobal
